
Microsoft Visual Studio Solution File, Format Version 12.00
# Visual Studio 15
VisualStudioVersion = 15.0.28307.572
MinimumVisualStudioVersion = 10.0.40219.1
Project("{FAE04EC0-301F-11D3-BF4B-00C04F79EFBC}") = "Entidades", "Bustamante.Mathias.2A\Entidades.csproj", "{CABD9C2E-DC1A-42FF-A61E-AACC6EF72777}"
EndProject
Project("{FAE04EC0-301F-11D3-BF4B-00C04F79EFBC}") = "MainCorreo", "MainCorreo\MainCorreo.csproj", "{78EE8E18-A435-4E4B-861E-AC4B97B0AFF3}"
EndProject
Global
	GlobalSection(SolutionConfigurationPlatforms) = preSolution
		CadenaDeConexion|Any CPU = CadenaDeConexion|Any CPU
		Debug|Any CPU = Debug|Any CPU
		Release|Any CPU = Release|Any CPU
	EndGlobalSection
	GlobalSection(ProjectConfigurationPlatforms) = postSolution
		{CABD9C2E-DC1A-42FF-A61E-AACC6EF72777}.CadenaDeConexion|Any CPU.ActiveCfg = CadenaDeConexion|Any CPU
		{CABD9C2E-DC1A-42FF-A61E-AACC6EF72777}.CadenaDeConexion|Any CPU.Build.0 = CadenaDeConexion|Any CPU
		{CABD9C2E-DC1A-42FF-A61E-AACC6EF72777}.Debug|Any CPU.ActiveCfg = Debug|Any CPU
		{CABD9C2E-DC1A-42FF-A61E-AACC6EF72777}.Debug|Any CPU.Build.0 = Debug|Any CPU
		{CABD9C2E-DC1A-42FF-A61E-AACC6EF72777}.Release|Any CPU.ActiveCfg = Release|Any CPU
		{CABD9C2E-DC1A-42FF-A61E-AACC6EF72777}.Release|Any CPU.Build.0 = Release|Any CPU
		{78EE8E18-A435-4E4B-861E-AC4B97B0AFF3}.CadenaDeConexion|Any CPU.ActiveCfg = CadenaDeConexion|Any CPU
		{78EE8E18-A435-4E4B-861E-AC4B97B0AFF3}.CadenaDeConexion|Any CPU.Build.0 = CadenaDeConexion|Any CPU
		{78EE8E18-A435-4E4B-861E-AC4B97B0AFF3}.Debug|Any CPU.ActiveCfg = Debug|Any CPU
		{78EE8E18-A435-4E4B-861E-AC4B97B0AFF3}.Debug|Any CPU.Build.0 = Debug|Any CPU
		{78EE8E18-A435-4E4B-861E-AC4B97B0AFF3}.Release|Any CPU.ActiveCfg = Release|Any CPU
		{78EE8E18-A435-4E4B-861E-AC4B97B0AFF3}.Release|Any CPU.Build.0 = Release|Any CPU
	EndGlobalSection
	GlobalSection(SolutionProperties) = preSolution
		HideSolutionNode = FALSE
	EndGlobalSection
	GlobalSection(ExtensibilityGlobals) = postSolution
		SolutionGuid = {53B223C3-2AF5-4DC4-AFD0-7E01391CA0B3}
	EndGlobalSection
EndGlobal
